{
  "name": "唾液采集小程序",
  "lockfileVersion": 2,
  "requires": true,
  "packages": {
    "": {
      "dependencies": {
        "wxbarcode": "^1.0.2"
      }
    },
    "node_modules/wxbarcode": {
      "version": "1.0.2",
      "resolved": "https://registry.npmmirror.com/wxbarcode/-/wxbarcode-1.0.2.tgz",
      "integrity": "sha512-QFNva4OKNn6M3fYXLg+W+JI2FqdNeK69sSgLmxc36OPcrsDiR04If8SqGC4a6xMFHby0iiOFjIF8vsrtbXkRGA=="
    }
  },
  "dependencies": {
    "wxbarcode": {
      "version": "1.0.2",
      "resolved": "https://registry.npmmirror.com/wxbarcode/-/wxbarcode-1.0.2.tgz",
      "integrity": "sha512-QFNva4OKNn6M3fYXLg+W+JI2FqdNeK69sSgLmxc36OPcrsDiR04If8SqGC4a6xMFHby0iiOFjIF8vsrtbXkRGA=="
    }
  }
}
